
Microsoft Visual Studio Solution File, Format Version 12.00
# Visual Studio Version 16
VisualStudioVersion = 16.0.31624.102
MinimumVisualStudioVersion = 10.0.40219.1
Project("{9A19103F-16F7-4668-BE54-9A1E7A4F7556}") = "laba_5", "laba_5\laba_5.csproj", "{BA551F16-5289-4E1F-B905-03C9A4252620}"
EndProject
Project("{2150E333-8FDC-42A3-9474-1A3956D46DE8}") = "Tests", "Tests", "{157CC79A-6BF0-4C62-87D9-8275229D9669}"
EndProject
Project("{FAE04EC0-301F-11D3-BF4B-00C04F79EFBC}") = "laba_5_tests", "laba_5_tests\laba_5_tests.csproj", "{65A7F629-A91F-4BF2-9B9D-EC2B34DC3B3F}"
EndProject
Global
	GlobalSection(SolutionConfigurationPlatforms) = preSolution
		Debug|Any CPU = Debug|Any CPU
		Release|Any CPU = Release|Any CPU
	EndGlobalSection
	GlobalSection(ProjectConfigurationPlatforms) = postSolution
		{BA551F16-5289-4E1F-B905-03C9A4252620}.Debug|Any CPU.ActiveCfg = Debug|Any CPU
		{BA551F16-5289-4E1F-B905-03C9A4252620}.Debug|Any CPU.Build.0 = Debug|Any CPU
		{BA551F16-5289-4E1F-B905-03C9A4252620}.Release|Any CPU.ActiveCfg = Release|Any CPU
		{BA551F16-5289-4E1F-B905-03C9A4252620}.Release|Any CPU.Build.0 = Release|Any CPU
		{65A7F629-A91F-4BF2-9B9D-EC2B34DC3B3F}.Debug|Any CPU.ActiveCfg = Debug|Any CPU
		{65A7F629-A91F-4BF2-9B9D-EC2B34DC3B3F}.Debug|Any CPU.Build.0 = Debug|Any CPU
		{65A7F629-A91F-4BF2-9B9D-EC2B34DC3B3F}.Release|Any CPU.ActiveCfg = Release|Any CPU
		{65A7F629-A91F-4BF2-9B9D-EC2B34DC3B3F}.Release|Any CPU.Build.0 = Release|Any CPU
	EndGlobalSection
	GlobalSection(SolutionProperties) = preSolution
		HideSolutionNode = FALSE
	EndGlobalSection
	GlobalSection(NestedProjects) = preSolution
		{65A7F629-A91F-4BF2-9B9D-EC2B34DC3B3F} = {157CC79A-6BF0-4C62-87D9-8275229D9669}
	EndGlobalSection
	GlobalSection(ExtensibilityGlobals) = postSolution
		SolutionGuid = {E979A825-06BB-436D-8E9B-F476F8E70E8F}
	EndGlobalSection
EndGlobal
