
Microsoft Visual Studio Solution File, Format Version 12.00
# Visual Studio Version 16
VisualStudioVersion = 16.0.31624.102
MinimumVisualStudioVersion = 10.0.40219.1
Project("{FAE04EC0-301F-11D3-BF4B-00C04F79EFBC}") = "task_1", "task_1\task_1.csproj", "{E1B6DEA6-7797-4AFB-AFB0-CB269F5EAC48}"
EndProject
Project("{FAE04EC0-301F-11D3-BF4B-00C04F79EFBC}") = "task_2", "task_2\task_2.csproj", "{FCE094F1-EF45-4A78-98C2-F4162D6DE83B}"
EndProject
Project("{FAE04EC0-301F-11D3-BF4B-00C04F79EFBC}") = "task_1_Tests", "task_1_Tests\task_1_Tests.csproj", "{89083C48-498E-49E6-9CCB-01A0C2B71E55}"
	ProjectSection(ProjectDependencies) = postProject
		{E1B6DEA6-7797-4AFB-AFB0-CB269F5EAC48} = {E1B6DEA6-7797-4AFB-AFB0-CB269F5EAC48}
	EndProjectSection
EndProject
Project("{FAE04EC0-301F-11D3-BF4B-00C04F79EFBC}") = "task_2_Tests", "task_2_Tests\task_2_Tests.csproj", "{A1DA126C-CCD1-4B33-A301-E83968646EB1}"
EndProject
Global
	GlobalSection(SolutionConfigurationPlatforms) = preSolution
		Debug|Any CPU = Debug|Any CPU
		Release|Any CPU = Release|Any CPU
	EndGlobalSection
	GlobalSection(ProjectConfigurationPlatforms) = postSolution
		{E1B6DEA6-7797-4AFB-AFB0-CB269F5EAC48}.Debug|Any CPU.ActiveCfg = Debug|Any CPU
		{E1B6DEA6-7797-4AFB-AFB0-CB269F5EAC48}.Debug|Any CPU.Build.0 = Debug|Any CPU
		{E1B6DEA6-7797-4AFB-AFB0-CB269F5EAC48}.Release|Any CPU.ActiveCfg = Release|Any CPU
		{E1B6DEA6-7797-4AFB-AFB0-CB269F5EAC48}.Release|Any CPU.Build.0 = Release|Any CPU
		{FCE094F1-EF45-4A78-98C2-F4162D6DE83B}.Debug|Any CPU.ActiveCfg = Debug|Any CPU
		{FCE094F1-EF45-4A78-98C2-F4162D6DE83B}.Debug|Any CPU.Build.0 = Debug|Any CPU
		{FCE094F1-EF45-4A78-98C2-F4162D6DE83B}.Release|Any CPU.ActiveCfg = Release|Any CPU
		{FCE094F1-EF45-4A78-98C2-F4162D6DE83B}.Release|Any CPU.Build.0 = Release|Any CPU
		{89083C48-498E-49E6-9CCB-01A0C2B71E55}.Debug|Any CPU.ActiveCfg = Debug|Any CPU
		{89083C48-498E-49E6-9CCB-01A0C2B71E55}.Debug|Any CPU.Build.0 = Debug|Any CPU
		{89083C48-498E-49E6-9CCB-01A0C2B71E55}.Release|Any CPU.ActiveCfg = Release|Any CPU
		{89083C48-498E-49E6-9CCB-01A0C2B71E55}.Release|Any CPU.Build.0 = Release|Any CPU
		{A1DA126C-CCD1-4B33-A301-E83968646EB1}.Debug|Any CPU.ActiveCfg = Debug|Any CPU
		{A1DA126C-CCD1-4B33-A301-E83968646EB1}.Debug|Any CPU.Build.0 = Debug|Any CPU
		{A1DA126C-CCD1-4B33-A301-E83968646EB1}.Release|Any CPU.ActiveCfg = Release|Any CPU
		{A1DA126C-CCD1-4B33-A301-E83968646EB1}.Release|Any CPU.Build.0 = Release|Any CPU
	EndGlobalSection
	GlobalSection(SolutionProperties) = preSolution
		HideSolutionNode = FALSE
	EndGlobalSection
	GlobalSection(ExtensibilityGlobals) = postSolution
		SolutionGuid = {233AADD7-BE1F-4EEE-8773-7205C04C0073}
	EndGlobalSection
EndGlobal
