
Microsoft Visual Studio Solution File, Format Version 12.00
# Visual Studio Version 16
VisualStudioVersion = 16.0.31624.102
MinimumVisualStudioVersion = 10.0.40219.1
Project("{FAE04EC0-301F-11D3-BF4B-00C04F79EFBC}") = "laba_7", "laba_7\laba_7.csproj", "{B6B1F7E8-4E92-4357-BBFC-6E12B04DFE5D}"
EndProject
Project("{FAE04EC0-301F-11D3-BF4B-00C04F79EFBC}") = "laba_7_tests", "laba_7_tests\laba_7_tests.csproj", "{D8954FEE-B4C4-46AC-BC65-C181ED61DF93}"
EndProject
Global
	GlobalSection(SolutionConfigurationPlatforms) = preSolution
		Debug|Any CPU = Debug|Any CPU
		Release|Any CPU = Release|Any CPU
	EndGlobalSection
	GlobalSection(ProjectConfigurationPlatforms) = postSolution
		{B6B1F7E8-4E92-4357-BBFC-6E12B04DFE5D}.Debug|Any CPU.ActiveCfg = Debug|Any CPU
		{B6B1F7E8-4E92-4357-BBFC-6E12B04DFE5D}.Debug|Any CPU.Build.0 = Debug|Any CPU
		{B6B1F7E8-4E92-4357-BBFC-6E12B04DFE5D}.Release|Any CPU.ActiveCfg = Release|Any CPU
		{B6B1F7E8-4E92-4357-BBFC-6E12B04DFE5D}.Release|Any CPU.Build.0 = Release|Any CPU
		{D8954FEE-B4C4-46AC-BC65-C181ED61DF93}.Debug|Any CPU.ActiveCfg = Debug|Any CPU
		{D8954FEE-B4C4-46AC-BC65-C181ED61DF93}.Debug|Any CPU.Build.0 = Debug|Any CPU
		{D8954FEE-B4C4-46AC-BC65-C181ED61DF93}.Release|Any CPU.ActiveCfg = Release|Any CPU
		{D8954FEE-B4C4-46AC-BC65-C181ED61DF93}.Release|Any CPU.Build.0 = Release|Any CPU
	EndGlobalSection
	GlobalSection(SolutionProperties) = preSolution
		HideSolutionNode = FALSE
	EndGlobalSection
	GlobalSection(ExtensibilityGlobals) = postSolution
		SolutionGuid = {11791DFD-7105-4758-B153-D127F18CB423}
	EndGlobalSection
EndGlobal
